
Microsoft Visual Studio Solution File, Format Version 12.00
# Visual Studio Version 17
VisualStudioVersion = 17.3.32819.101
MinimumVisualStudioVersion = 10.0.40219.1
Project("{FAE04EC0-301F-11D3-BF4B-00C04F79EFBC}") = "WebApplicationMVC", "WebApplicationMVC.csproj", "{AC7FB02B-EBD1-4511-9C8F-C2047DAAE563}"
EndProject
Global
	GlobalSection(SolutionConfigurationPlatforms) = preSolution
		Debug|Any CPU = Debug|Any CPU
		Release|Any CPU = Release|Any CPU
	EndGlobalSection
	GlobalSection(ProjectConfigurationPlatforms) = postSolution
		{AC7FB02B-EBD1-4511-9C8F-C2047DAAE563}.Debug|Any CPU.ActiveCfg = Debug|Any CPU
		{AC7FB02B-EBD1-4511-9C8F-C2047DAAE563}.Debug|Any CPU.Build.0 = Debug|Any CPU
		{AC7FB02B-EBD1-4511-9C8F-C2047DAAE563}.Release|Any CPU.ActiveCfg = Release|Any CPU
		{AC7FB02B-EBD1-4511-9C8F-C2047DAAE563}.Release|Any CPU.Build.0 = Release|Any CPU
	EndGlobalSection
	GlobalSection(SolutionProperties) = preSolution
		HideSolutionNode = FALSE
	EndGlobalSection
	GlobalSection(ExtensibilityGlobals) = postSolution
		SolutionGuid = {AE847C3F-D76F-48C4-81DD-70FE174FAC37}
	EndGlobalSection
EndGlobal
